
Microsoft Visual Studio Solution File, Format Version 12.00
# Visual Studio Version 17
VisualStudioVersion = 17.5.33414.496
MinimumVisualStudioVersion = 10.0.40219.1
Project("{2150E333-8FDC-42A3-9474-1A3956D46DE8}") = "src", "src", "{D4BCB4E7-E7EE-4C2D-BFD4-5C569331C8E3}"
EndProject
Project("{2150E333-8FDC-42A3-9474-1A3956D46DE8}") = "Domain", "Domain", "{D6B4F110-AD18-48E4-B37C-8740BB30D49F}"
EndProject
Project("{2150E333-8FDC-42A3-9474-1A3956D46DE8}") = "Hosts", "Hosts", "{5077A448-BADF-4D6F-8389-F7834090FEBC}"
EndProject
Project("{2150E333-8FDC-42A3-9474-1A3956D46DE8}") = "Infrastructure", "Infrastructure", "{0BBA5C7C-6440-4733-BF11-E4EE62E0349A}"
EndProject
Project("{2150E333-8FDC-42A3-9474-1A3956D46DE8}") = "Contracts", "Contracts", "{ECE3F0CA-9429-42B1-8222-FA4E5E728DFA}"
EndProject
Project("{9A19103F-16F7-4668-BE54-9A1E7A4F7556}") = "Doska.Domain", "src\Domain\Doska.Domain\Doska.Domain.csproj", "{FFF1AC58-DF08-48D6-B850-5B75B6167288}"
EndProject
Project("{9A19103F-16F7-4668-BE54-9A1E7A4F7556}") = "Doska.API", "src\Hosts\Doska.API\Doska.API.csproj", "{834262AA-97E7-4F60-8122-610C3634177F}"
EndProject
Project("{2150E333-8FDC-42A3-9474-1A3956D46DE8}") = "Application", "Application", "{7B329A40-256D-4742-820C-AD50678B313A}"
EndProject
Project("{9A19103F-16F7-4668-BE54-9A1E7A4F7556}") = "Doska.AppServices", "src\Apllication\Doska.AppServices\Doska.AppServices.csproj", "{37D92781-A674-4DD7-A19D-5AECA15410A7}"
EndProject
Project("{9A19103F-16F7-4668-BE54-9A1E7A4F7556}") = "Doska.Registrar", "src\Infrastructure\Doska.Registrar\Doska.Registrar.csproj", "{7614F42B-45B1-478E-8E02-157108500889}"
EndProject
Project("{9A19103F-16F7-4668-BE54-9A1E7A4F7556}") = "Doska.Migrations", "src\Infrastructure\Doska.Migrations\Doska.Migrations.csproj", "{43574E45-4795-44D9-AE5F-407A7050BE09}"
EndProject
Project("{9A19103F-16F7-4668-BE54-9A1E7A4F7556}") = "Doska.DataAccess", "src\Infrastructure\Doska.DataAccess\Doska.DataAccess.csproj", "{AB7658F5-E23E-40BC-807E-E6AB9BCE10AE}"
EndProject
Project("{9A19103F-16F7-4668-BE54-9A1E7A4F7556}") = "Doska.Infrastructure", "src\Infrastructure\Doska.Infrastructure\Doska.Infrastructure.csproj", "{E3EBDB11-3A8B-4C99-8301-1887480A1218}"
EndProject
Project("{9A19103F-16F7-4668-BE54-9A1E7A4F7556}") = "Doska.Contracts", "src\Contracts\Doska.Contracts\Doska.Contracts.csproj", "{81A39E0A-E731-4151-BB2E-3468AA1979BB}"
EndProject
Global
	GlobalSection(SolutionConfigurationPlatforms) = preSolution
		Debug|Any CPU = Debug|Any CPU
		Release|Any CPU = Release|Any CPU
	EndGlobalSection
	GlobalSection(ProjectConfigurationPlatforms) = postSolution
		{FFF1AC58-DF08-48D6-B850-5B75B6167288}.Debug|Any CPU.ActiveCfg = Debug|Any CPU
		{FFF1AC58-DF08-48D6-B850-5B75B6167288}.Debug|Any CPU.Build.0 = Debug|Any CPU
		{FFF1AC58-DF08-48D6-B850-5B75B6167288}.Release|Any CPU.ActiveCfg = Release|Any CPU
		{FFF1AC58-DF08-48D6-B850-5B75B6167288}.Release|Any CPU.Build.0 = Release|Any CPU
		{834262AA-97E7-4F60-8122-610C3634177F}.Debug|Any CPU.ActiveCfg = Debug|Any CPU
		{834262AA-97E7-4F60-8122-610C3634177F}.Debug|Any CPU.Build.0 = Debug|Any CPU
		{834262AA-97E7-4F60-8122-610C3634177F}.Release|Any CPU.ActiveCfg = Release|Any CPU
		{834262AA-97E7-4F60-8122-610C3634177F}.Release|Any CPU.Build.0 = Release|Any CPU
		{37D92781-A674-4DD7-A19D-5AECA15410A7}.Debug|Any CPU.ActiveCfg = Debug|Any CPU
		{37D92781-A674-4DD7-A19D-5AECA15410A7}.Debug|Any CPU.Build.0 = Debug|Any CPU
		{37D92781-A674-4DD7-A19D-5AECA15410A7}.Release|Any CPU.ActiveCfg = Release|Any CPU
		{37D92781-A674-4DD7-A19D-5AECA15410A7}.Release|Any CPU.Build.0 = Release|Any CPU
		{7614F42B-45B1-478E-8E02-157108500889}.Debug|Any CPU.ActiveCfg = Debug|Any CPU
		{7614F42B-45B1-478E-8E02-157108500889}.Debug|Any CPU.Build.0 = Debug|Any CPU
		{7614F42B-45B1-478E-8E02-157108500889}.Release|Any CPU.ActiveCfg = Release|Any CPU
		{7614F42B-45B1-478E-8E02-157108500889}.Release|Any CPU.Build.0 = Release|Any CPU
		{43574E45-4795-44D9-AE5F-407A7050BE09}.Debug|Any CPU.ActiveCfg = Debug|Any CPU
		{43574E45-4795-44D9-AE5F-407A7050BE09}.Debug|Any CPU.Build.0 = Debug|Any CPU
		{43574E45-4795-44D9-AE5F-407A7050BE09}.Release|Any CPU.ActiveCfg = Release|Any CPU
		{43574E45-4795-44D9-AE5F-407A7050BE09}.Release|Any CPU.Build.0 = Release|Any CPU
		{AB7658F5-E23E-40BC-807E-E6AB9BCE10AE}.Debug|Any CPU.ActiveCfg = Debug|Any CPU
		{AB7658F5-E23E-40BC-807E-E6AB9BCE10AE}.Debug|Any CPU.Build.0 = Debug|Any CPU
		{AB7658F5-E23E-40BC-807E-E6AB9BCE10AE}.Release|Any CPU.ActiveCfg = Release|Any CPU
		{AB7658F5-E23E-40BC-807E-E6AB9BCE10AE}.Release|Any CPU.Build.0 = Release|Any CPU
		{E3EBDB11-3A8B-4C99-8301-1887480A1218}.Debug|Any CPU.ActiveCfg = Debug|Any CPU
		{E3EBDB11-3A8B-4C99-8301-1887480A1218}.Debug|Any CPU.Build.0 = Debug|Any CPU
		{E3EBDB11-3A8B-4C99-8301-1887480A1218}.Release|Any CPU.ActiveCfg = Release|Any CPU
		{E3EBDB11-3A8B-4C99-8301-1887480A1218}.Release|Any CPU.Build.0 = Release|Any CPU
		{81A39E0A-E731-4151-BB2E-3468AA1979BB}.Debug|Any CPU.ActiveCfg = Debug|Any CPU
		{81A39E0A-E731-4151-BB2E-3468AA1979BB}.Debug|Any CPU.Build.0 = Debug|Any CPU
		{81A39E0A-E731-4151-BB2E-3468AA1979BB}.Release|Any CPU.ActiveCfg = Release|Any CPU
		{81A39E0A-E731-4151-BB2E-3468AA1979BB}.Release|Any CPU.Build.0 = Release|Any CPU
	EndGlobalSection
	GlobalSection(SolutionProperties) = preSolution
		HideSolutionNode = FALSE
	EndGlobalSection
	GlobalSection(NestedProjects) = preSolution
		{D6B4F110-AD18-48E4-B37C-8740BB30D49F} = {D4BCB4E7-E7EE-4C2D-BFD4-5C569331C8E3}
		{5077A448-BADF-4D6F-8389-F7834090FEBC} = {D4BCB4E7-E7EE-4C2D-BFD4-5C569331C8E3}
		{0BBA5C7C-6440-4733-BF11-E4EE62E0349A} = {D4BCB4E7-E7EE-4C2D-BFD4-5C569331C8E3}
		{ECE3F0CA-9429-42B1-8222-FA4E5E728DFA} = {D4BCB4E7-E7EE-4C2D-BFD4-5C569331C8E3}
		{FFF1AC58-DF08-48D6-B850-5B75B6167288} = {D6B4F110-AD18-48E4-B37C-8740BB30D49F}
		{834262AA-97E7-4F60-8122-610C3634177F} = {5077A448-BADF-4D6F-8389-F7834090FEBC}
		{7B329A40-256D-4742-820C-AD50678B313A} = {D4BCB4E7-E7EE-4C2D-BFD4-5C569331C8E3}
		{37D92781-A674-4DD7-A19D-5AECA15410A7} = {7B329A40-256D-4742-820C-AD50678B313A}
		{7614F42B-45B1-478E-8E02-157108500889} = {0BBA5C7C-6440-4733-BF11-E4EE62E0349A}
		{43574E45-4795-44D9-AE5F-407A7050BE09} = {0BBA5C7C-6440-4733-BF11-E4EE62E0349A}
		{AB7658F5-E23E-40BC-807E-E6AB9BCE10AE} = {0BBA5C7C-6440-4733-BF11-E4EE62E0349A}
		{E3EBDB11-3A8B-4C99-8301-1887480A1218} = {0BBA5C7C-6440-4733-BF11-E4EE62E0349A}
		{81A39E0A-E731-4151-BB2E-3468AA1979BB} = {ECE3F0CA-9429-42B1-8222-FA4E5E728DFA}
	EndGlobalSection
	GlobalSection(ExtensibilityGlobals) = postSolution
		SolutionGuid = {3E3EEF9A-C9A6-4462-A016-071F36C1B77C}
	EndGlobalSection
EndGlobal
